{
    "_meta": {
        "hash": {
            "sha256": "96cbc3fa07101c488b45921855a5655a158d5f0fb6c32ecf9b88f5a4b29ad2cd"
        },
        "pipfile-spec": 6,
        "requires": {
            "python_version": "3.6"
        },
        "sources": [
            {
                "name": "pypi",
                "url": "https://pypi.python.org/simple",
                "verify_ssl": true
            }
        ]
    },
    "default": {
        "e88296c": {
            "file": "https://github.com/naueramant/parso/archive/v0.1.2.tar.gz"
        },
        "termcolor": {
            "hashes": [
                "sha256:1d6d69ce66211143803fbc56652b41d73b4a400a2891d7bf7a1cdf4c02de613b"
            ],
            "index": "pypi",
            "version": "==1.1.0"
        }
    },
    "develop": {}
}
