{
    "_meta": {
        "hash": {
            "sha256": "6f3b5db5795cc010017c9a7eff4fbd793295570dad65fdf9724a5691baf3a501"
        },
        "pipfile-spec": 6,
        "requires": {
            "python_version": "3.6"
        },
        "sources": [
            {
                "name": "pypi",
                "url": "https://pypi.python.org/simple",
                "verify_ssl": true
            }
        ]
    },
    "default": {
        "parso": {
            "hashes": [
                "sha256:5815f3fe254e5665f3c5d6f54f086c2502035cb631a91341591b5a564203cffb",
                "sha256:a7bb86fe0844304869d1c08e8bd0e52be931228483025c422917411ab82d628a"
            ],
            "index": "pypi",
            "version": "==0.1.1"
        }
    },
    "develop": {}
}
